// !$*UTF8*$!
{
	archiveVersion = 1;
	classes = {
	};
	objectVersion = 50;
	objects = {

/* Begin PBXBuildFile section */
		53AD10C122BE5FBD008A1C8E /* AppDelegate.swift in Sources */ = {isa = PBXBuildFile; fileRef = 53AD10C022BE5FBD008A1C8E /* AppDelegate.swift */; };
		53AD10C322BE5FBE008A1C8E /* SceneDelegate.swift in Sources */ = {isa = PBXBuildFile; fileRef = 53AD10C222BE5FBE008A1C8E /* SceneDelegate.swift */; };
		53AD10C522BE5FBE008A1C8E /* ViewController.swift in Sources */ = {isa = PBXBuildFile; fileRef = 53AD10C422BE5FBE008A1C8E /* ViewController.swift */; };
		53AD10C822BE5FBE008A1C8E /* Main.storyboard in Resources */ = {isa = PBXBuildFile; fileRef = 53AD10C622BE5FBE008A1C8E /* Main.storyboard */; };
		53AD10CA22BE5FBF008A1C8E /* Assets.xcassets in Resources */ = {isa = PBXBuildFile; fileRef = 53AD10C922BE5FBF008A1C8E /* Assets.xcassets */; };
		53AD10CD22BE5FBF008A1C8E /* LaunchScreen.storyboard in Resources */ = {isa = PBXBuildFile; fileRef = 53AD10CB22BE5FBF008A1C8E /* LaunchScreen.storyboard */; };
/* End PBXBuildFile section */

/* Begin PBXFileReference section */
		539A340822C11C530063DEE4 /* README.md */ = {isa = PBXFileReference; lastKnownFileType = net.daringfireball.markdown; path = README.md; sourceTree = "<group>"; };
		539A340922C11C530063DEE4 /* TUTORIAL.md */ = {isa = PBXFileReference; lastKnownFileType = net.daringfireball.markdown; path = TUTORIAL.md; sourceTree = "<group>"; };
		53AD10BD22BE5FBD008A1C8E /* CombineSlotMachine.app */ = {isa = PBXFileReference; explicitFileType = wrapper.application; includeInIndex = 0; path = CombineSlotMachine.app; sourceTree = BUILT_PRODUCTS_DIR; };
		53AD10C022BE5FBD008A1C8E /* AppDelegate.swift */ = {isa = PBXFileReference; lastKnownFileType = sourcecode.swift; path = AppDelegate.swift; sourceTree = "<group>"; };
		53AD10C222BE5FBE008A1C8E /* SceneDelegate.swift */ = {isa = PBXFileReference; lastKnownFileType = sourcecode.swift; path = SceneDelegate.swift; sourceTree = "<group>"; };
		53AD10C422BE5FBE008A1C8E /* ViewController.swift */ = {isa = PBXFileReference; lastKnownFileType = sourcecode.swift; path = ViewController.swift; sourceTree = "<group>"; };
		53AD10C722BE5FBE008A1C8E /* Base */ = {isa = PBXFileReference; lastKnownFileType = file.storyboard; name = Base; path = Base.lproj/Main.storyboard; sourceTree = "<group>"; };
		53AD10C922BE5FBF008A1C8E /* Assets.xcassets */ = {isa = PBXFileReference; lastKnownFileType = folder.assetcatalog; path = Assets.xcassets; sourceTree = "<group>"; };
		53AD10CC22BE5FBF008A1C8E /* Base */ = {isa = PBXFileReference; lastKnownFileType = file.storyboard; name = Base; path = Base.lproj/LaunchScreen.storyboard; sourceTree = "<group>"; };
		53AD10CE22BE5FBF008A1C8E /* Info.plist */ = {isa = PBXFileReference; lastKnownFileType = text.plist.xml; path = Info.plist; sourceTree = "<group>"; };
/* End PBXFileReference section */

/* Begin PBXFrameworksBuildPhase section */
		53AD10BA22BE5FBD008A1C8E /* Frameworks */ = {
			isa = PBXFrameworksBuildPhase;
			buildActionMask = 2147483647;
			files = (
			);
			runOnlyForDeploymentPostprocessing = 0;
		};
/* End PBXFrameworksBuildPhase section */

/* Begin PBXGroup section */
		53AD10B422BE5FBD008A1C8E = {
			isa = PBXGroup;
			children = (
				53AD10BF22BE5FBD008A1C8E /* CombineSlotMachine */,
				53AD10BE22BE5FBD008A1C8E /* Products */,
				539A340822C11C530063DEE4 /* README.md */,
				539A340922C11C530063DEE4 /* TUTORIAL.md */,
			);
			sourceTree = "<group>";
		};
		53AD10BE22BE5FBD008A1C8E /* Products */ = {
			isa = PBXGroup;
			children = (
				53AD10BD22BE5FBD008A1C8E /* CombineSlotMachine.app */,
			);
			name = Products;
			sourceTree = "<group>";
		};
		53AD10BF22BE5FBD008A1C8E /* CombineSlotMachine */ = {
			isa = PBXGroup;
			children = (
				53AD10C022BE5FBD008A1C8E /* AppDelegate.swift */,
				53AD10C222BE5FBE008A1C8E /* SceneDelegate.swift */,
				53AD10C422BE5FBE008A1C8E /* ViewController.swift */,
				53AD10C622BE5FBE008A1C8E /* Main.storyboard */,
				53AD10C922BE5FBF008A1C8E /* Assets.xcassets */,
				53AD10CB22BE5FBF008A1C8E /* LaunchScreen.storyboard */,
				53AD10CE22BE5FBF008A1C8E /* Info.plist */,
			);
			path = CombineSlotMachine;
			sourceTree = "<group>";
		};
/* End PBXGroup section */

/* Begin PBXNativeTarget section */
		53AD10BC22BE5FBD008A1C8E /* CombineSlotMachine */ = {
			isa = PBXNativeTarget;
			buildConfigurationList = 53AD10D122BE5FBF008A1C8E /* Build configuration list for PBXNativeTarget "CombineSlotMachine" */;
			buildPhases = (
				53AD10B922BE5FBD008A1C8E /* Sources */,
				53AD10BA22BE5FBD008A1C8E /* Frameworks */,
				53AD10BB22BE5FBD008A1C8E /* Resources */,
			);
			buildRules = (
			);
			dependencies = (
			);
			name = CombineSlotMachine;
			productName = CombineSlotMachine;
			productReference = 53AD10BD22BE5FBD008A1C8E /* CombineSlotMachine.app */;
			productType = "com.apple.product-type.application";
		};
/* End PBXNativeTarget section */

/* Begin PBXProject section */
		53AD10B522BE5FBD008A1C8E /* Project object */ = {
			isa = PBXProject;
			attributes = {
				LastSwiftUpdateCheck = 1100;
				LastUpgradeCheck = 1100;
				ORGANIZATIONNAME = "James Dempsey";
				TargetAttributes = {
					53AD10BC22BE5FBD008A1C8E = {
						CreatedOnToolsVersion = 11.0;
					};
				};
			};
			buildConfigurationList = 53AD10B822BE5FBD008A1C8E /* Build configuration list for PBXProject "CombineSlotMachine" */;
			compatibilityVersion = "Xcode 9.3";
			developmentRegion = en;
			hasScannedForEncodings = 0;
			knownRegions = (
				en,
				Base,
			);
			mainGroup = 53AD10B422BE5FBD008A1C8E;
			productRefGroup = 53AD10BE22BE5FBD008A1C8E /* Products */;
			projectDirPath = "";
			projectRoot = "";
			targets = (
				53AD10BC22BE5FBD008A1C8E /* CombineSlotMachine */,
			);
		};
/* End PBXProject section */

/* Begin PBXResourcesBuildPhase section */
		53AD10BB22BE5FBD008A1C8E /* Resources */ = {
			isa = PBXResourcesBuildPhase;
			buildActionMask = 2147483647;
			files = (
				53AD10CD22BE5FBF008A1C8E /* LaunchScreen.storyboard in Resources */,
				53AD10CA22BE5FBF008A1C8E /* Assets.xcassets in Resources */,
				53AD10C822BE5FBE008A1C8E /* Main.storyboard in Resources */,
			);
			runOnlyForDeploymentPostprocessing = 0;
		};
/* End PBXResourcesBuildPhase section */

/* Begin PBXSourcesBuildPhase section */
		53AD10B922BE5FBD008A1C8E /* Sources */ = {
			isa = PBXSourcesBuildPhase;
			buildActionMask = 2147483647;
			files = (
				53AD10C522BE5FBE008A1C8E /* ViewController.swift in Sources */,
				53AD10C122BE5FBD008A1C8E /* AppDelegate.swift in Sources */,
				53AD10C322BE5FBE008A1C8E /* SceneDelegate.swift in Sources */,
			);
			runOnlyForDeploymentPostprocessing = 0;
		};
/* End PBXSourcesBuildPhase section */

/* Begin PBXVariantGroup section */
		53AD10C622BE5FBE008A1C8E /* Main.storyboard */ = {
			isa = PBXVariantGroup;
			children = (
				53AD10C722BE5FBE008A1C8E /* Base */,
			);
			name = Main.storyboard;
			sourceTree = "<group>";
		};
		53AD10CB22BE5FBF008A1C8E /* LaunchScreen.storyboard */ = {
			isa = PBXVariantGroup;
			children = (
				53AD10CC22BE5FBF008A1C8E /* Base */,
			);
			name = LaunchScreen.storyboard;
			sourceTree = "<group>";
		};
/* End PBXVariantGroup section */

/* Begin XCBuildConfiguration section */
		53AD10CF22BE5FBF008A1C8E /* Debug */ = {
			isa = XCBuildConfiguration;
			buildSettings = {
				ALWAYS_SEARCH_USER_PATHS = NO;
				CLANG_ANALYZER_NONNULL = YES;
				CLANG_ANALYZER_NUMBER_OBJECT_CONVERSION = YES_AGGRESSIVE;
				CLANG_CXX_LANGUAGE_STANDARD = "gnu++14";
				CLANG_CXX_LIBRARY = "libc++";
				CLANG_ENABLE_MODULES = YES;
				CLANG_ENABLE_OBJC_ARC = YES;
				CLANG_ENABLE_OBJC_WEAK = YES;
				CLANG_WARN_BLOCK_CAPTURE_AUTORELEASING = YES;
				CLANG_WARN_BOOL_CONVERSION = YES;
				CLANG_WARN_COMMA = YES;
				CLANG_WARN_CONSTANT_CONVERSION = YES;
				CLANG_WARN_DEPRECATED_OBJC_IMPLEMENTATIONS = YES;
				CLANG_WARN_DIRECT_OBJC_ISA_USAGE = YES_ERROR;
				CLANG_WARN_DOCUMENTATION_COMMENTS = YES;
				CLANG_WARN_EMPTY_BODY = YES;
				CLANG_WARN_ENUM_CONVERSION = YES;
				CLANG_WARN_INFINITE_RECURSION = YES;
				CLANG_WARN_INT_CONVERSION = YES;
				CLANG_WARN_NON_LITERAL_NULL_CONVERSION = YES;
				CLANG_WARN_OBJC_IMPLICIT_RETAIN_SELF = YES;
				CLANG_WARN_OBJC_LITERAL_CONVERSION = YES;
				CLANG_WARN_OBJC_ROOT_CLASS = YES_ERROR;
				CLANG_WARN_RANGE_LOOP_ANALYSIS = YES;
				CLANG_WARN_STRICT_PROTOTYPES = YES;
				CLANG_WARN_SUSPICIOUS_MOVE = YES;
				CLANG_WARN_UNGUARDED_AVAILABILITY = YES_AGGRESSIVE;
				CLANG_WARN_UNREACHABLE_CODE = YES;
				CLANG_WARN__DUPLICATE_METHOD_MATCH = YES;
				COPY_PHASE_STRIP = NO;
				DEBUG_INFORMATION_FORMAT = dwarf;
				ENABLE_STRICT_OBJC_MSGSEND = YES;
				ENABLE_TESTABILITY = YES;
				GCC_C_LANGUAGE_STANDARD = gnu11;
				GCC_DYNAMIC_NO_PIC = NO;
				GCC_NO_COMMON_BLOCKS = YES;
				GCC_OPTIMIZATION_LEVEL = 0;
				GCC_PREPROCESSOR_DEFINITIONS = (
					"DEBUG=1",
					"$(inherited)",
				);
				GCC_WARN_64_TO_32_BIT_CONVERSION = YES;
				GCC_WARN_ABOUT_RETURN_TYPE = YES_ERROR;
				GCC_WARN_UNDECLARED_SELECTOR = YES;
				GCC_WARN_UNINITIALIZED_AUTOS = YES_AGGRESSIVE;
				GCC_WARN_UNUSED_FUNCTION = YES;
				GCC_WARN_UNUSED_VARIABLE = YES;
				IPHONEOS_DEPLOYMENT_TARGET = 13.0;
				MTL_ENABLE_DEBUG_INFO = INCLUDE_SOURCE;
				MTL_FAST_MATH = YES;
				ONLY_ACTIVE_ARCH = YES;
				SDKROOT = iphoneos;
				SWIFT_ACTIVE_COMPILATION_CONDITIONS = DEBUG;
				SWIFT_OPTIMIZATION_LEVEL = "-Onone";
			};
			name = Debug;
		};
		53AD10D022BE5FBF008A1C8E /* Release */ = {
			isa = XCBuildConfiguration;
			buildSettings = {
				ALWAYS_SEARCH_USER_PATHS = NO;
				CLANG_ANALYZER_NONNULL = YES;
				CLANG_ANALYZER_NUMBER_OBJECT_CONVERSION = YES_AGGRESSIVE;
				CLANG_CXX_LANGUAGE_STANDARD = "gnu++14";
				CLANG_CXX_LIBRARY = "libc++";
				CLANG_ENABLE_MODULES = YES;
				CLANG_ENABLE_OBJC_ARC = YES;
				CLANG_ENABLE_OBJC_WEAK = YES;
				CLANG_WARN_BLOCK_CAPTURE_AUTORELEASING = YES;
				CLANG_WARN_BOOL_CONVERSION = YES;
				CLANG_WARN_COMMA = YES;
				CLANG_WARN_CONSTANT_CONVERSION = YES;
				CLANG_WARN_DEPRECATED_OBJC_IMPLEMENTATIONS = YES;
				CLANG_WARN_DIRECT_OBJC_ISA_USAGE = YES_ERROR;
				CLANG_WARN_DOCUMENTATION_COMMENTS = YES;
				CLANG_WARN_EMPTY_BODY = YES;
				CLANG_WARN_ENUM_CONVERSION = YES;
				CLANG_WARN_INFINITE_RECURSION = YES;
				CLANG_WARN_INT_CONVERSION = YES;
				CLANG_WARN_NON_LITERAL_NULL_CONVERSION = YES;
				CLANG_WARN_OBJC_IMPLICIT_RETAIN_SELF = YES;
				CLANG_WARN_OBJC_LITERAL_CONVERSION = YES;
				CLANG_WARN_OBJC_ROOT_CLASS = YES_ERROR;
				CLANG_WARN_RANGE_LOOP_ANALYSIS = YES;
				CLANG_WARN_STRICT_PROTOTYPES = YES;
				CLANG_WARN_SUSPICIOUS_MOVE = YES;
				CLANG_WARN_UNGUARDED_AVAILABILITY = YES_AGGRESSIVE;
				CLANG_WARN_UNREACHABLE_CODE = YES;
				CLANG_WARN__DUPLICATE_METHOD_MATCH = YES;
				COPY_PHASE_STRIP = NO;
				DEBUG_INFORMATION_FORMAT = "dwarf-with-dsym";
				ENABLE_NS_ASSERTIONS = NO;
				ENABLE_STRICT_OBJC_MSGSEND = YES;
				GCC_C_LANGUAGE_STANDARD = gnu11;
				GCC_NO_COMMON_BLOCKS = YES;
				GCC_WARN_64_TO_32_BIT_CONVERSION = YES;
				GCC_WARN_ABOUT_RETURN_TYPE = YES_ERROR;
				GCC_WARN_UNDECLARED_SELECTOR = YES;
				GCC_WARN_UNINITIALIZED_AUTOS = YES_AGGRESSIVE;
				GCC_WARN_UNUSED_FUNCTION = YES;
				GCC_WARN_UNUSED_VARIABLE = YES;
				IPHONEOS_DEPLOYMENT_TARGET = 13.0;
				MTL_ENABLE_DEBUG_INFO = NO;
				MTL_FAST_MATH = YES;
				SDKROOT = iphoneos;
				SWIFT_COMPILATION_MODE = wholemodule;
				SWIFT_OPTIMIZATION_LEVEL = "-O";
				VALIDATE_PRODUCT = YES;
			};
			name = Release;
		};
		53AD10D222BE5FBF008A1C8E /* Debug */ = {
			isa = XCBuildConfiguration;
			buildSettings = {
				ASSETCATALOG_COMPILER_APPICON_NAME = AppIcon;
				CODE_SIGN_STYLE = Automatic;
				DEVELOPMENT_TEAM = "";
				INFOPLIST_FILE = CombineSlotMachine/Info.plist;
				LD_RUNPATH_SEARCH_PATHS = (
					"$(inherited)",
					"@executable_path/Frameworks",
				);
				PRODUCT_BUNDLE_IDENTIFIER = com.example.CombineSlotMachine;
				PRODUCT_NAME = "$(TARGET_NAME)";
				SWIFT_VERSION = 5.0;
				TARGETED_DEVICE_FAMILY = "1,2";
			};
			name = Debug;
		};
		53AD10D322BE5FBF008A1C8E /* Release */ = {
			isa = XCBuildConfiguration;
			buildSettings = {
				ASSETCATALOG_COMPILER_APPICON_NAME = AppIcon;
				CODE_SIGN_STYLE = Automatic;
				DEVELOPMENT_TEAM = "";
				INFOPLIST_FILE = CombineSlotMachine/Info.plist;
				LD_RUNPATH_SEARCH_PATHS = (
					"$(inherited)",
					"@executable_path/Frameworks",
				);
				PRODUCT_BUNDLE_IDENTIFIER = com.example.CombineSlotMachine;
				PRODUCT_NAME = "$(TARGET_NAME)";
				SWIFT_VERSION = 5.0;
				TARGETED_DEVICE_FAMILY = "1,2";
			};
			name = Release;
		};
/* End XCBuildConfiguration section */

/* Begin XCConfigurationList section */
		53AD10B822BE5FBD008A1C8E /* Build configuration list for PBXProject "CombineSlotMachine" */ = {
			isa = XCConfigurationList;
			buildConfigurations = (
				53AD10CF22BE5FBF008A1C8E /* Debug */,
				53AD10D022BE5FBF008A1C8E /* Release */,
			);
			defaultConfigurationIsVisible = 0;
			defaultConfigurationName = Release;
		};
		53AD10D122BE5FBF008A1C8E /* Build configuration list for PBXNativeTarget "CombineSlotMachine" */ = {
			isa = XCConfigurationList;
			buildConfigurations = (
				53AD10D222BE5FBF008A1C8E /* Debug */,
				53AD10D322BE5FBF008A1C8E /* Release */,
			);
			defaultConfigurationIsVisible = 0;
			defaultConfigurationName = Release;
		};
/* End XCConfigurationList section */
	};
	rootObject = 53AD10B522BE5FBD008A1C8E /* Project object */;
}
